
Microsoft Visual Studio Solution File, Format Version 12.00
# Visual Studio Version 17
VisualStudioVersion = 17.13.35828.75 d17.13
MinimumVisualStudioVersion = 10.0.40219.1
Project("{FAE04EC0-301F-11D3-BF4B-00C04F79EFBC}") = "ISIP423-AndreevTimofey", "ISIP423-AndreevTimofey\ISIP423-AndreevTimofey.csproj", "{1D790B13-2181-4489-B359-AA175F185F81}"
EndProject
Global
	GlobalSection(SolutionConfigurationPlatforms) = preSolution
		Debug|Any CPU = Debug|Any CPU
		Release|Any CPU = Release|Any CPU
	EndGlobalSection
	GlobalSection(ProjectConfigurationPlatforms) = postSolution
		{1D790B13-2181-4489-B359-AA175F185F81}.Debug|Any CPU.ActiveCfg = Debug|Any CPU
		{1D790B13-2181-4489-B359-AA175F185F81}.Debug|Any CPU.Build.0 = Debug|Any CPU
		{1D790B13-2181-4489-B359-AA175F185F81}.Release|Any CPU.ActiveCfg = Release|Any CPU
		{1D790B13-2181-4489-B359-AA175F185F81}.Release|Any CPU.Build.0 = Release|Any CPU
	EndGlobalSection
	GlobalSection(SolutionProperties) = preSolution
		HideSolutionNode = FALSE
	EndGlobalSection
	GlobalSection(ExtensibilityGlobals) = postSolution
		SolutionGuid = {22B66396-CF77-49D8-BA38-AA30D709FAEF}
	EndGlobalSection
EndGlobal
